
Microsoft Visual Studio Solution File, Format Version 12.00
# Visual Studio Version 16
VisualStudioVersion = 16.0.31112.23
MinimumVisualStudioVersion = 10.0.40219.1
Project("{9A19103F-16F7-4668-BE54-9A1E7A4F7556}") = "RecipeOrganiser", "RecipeOrganiser\RecipeOrganiser.csproj", "{7CD56557-9825-4E55-95E7-BBD9B27234AA}"
EndProject
Project("{9A19103F-16F7-4668-BE54-9A1E7A4F7556}") = "RecipeOrganiser.Controls", "RecipeOrganiser.Controls\RecipeOrganiser.Controls.csproj", "{586297D8-6955-407B-BE02-8D04DC74AEDB}"
EndProject
Project("{9A19103F-16F7-4668-BE54-9A1E7A4F7556}") = "RecipeOrganiser.Data", "RecipeOrganiser.Data\RecipeOrganiser.Data.csproj", "{9C8B7808-C73B-4147-B940-E8B396569F64}"
EndProject
Project("{FAE04EC0-301F-11D3-BF4B-00C04F79EFBC}") = "RecipeOrganiser.Domain", "RecipeOrganiser.Domain\RecipeOrganiser.Domain.csproj", "{B508037E-0B0A-4FBA-95A0-C3263E7688AD}"
EndProject
Global
	GlobalSection(SolutionConfigurationPlatforms) = preSolution
		Debug|Any CPU = Debug|Any CPU
		Debug|x86 = Debug|x86
		Release|Any CPU = Release|Any CPU
		Release|x86 = Release|x86
	EndGlobalSection
	GlobalSection(ProjectConfigurationPlatforms) = postSolution
		{7CD56557-9825-4E55-95E7-BBD9B27234AA}.Debug|Any CPU.ActiveCfg = Debug|Any CPU
		{7CD56557-9825-4E55-95E7-BBD9B27234AA}.Debug|Any CPU.Build.0 = Debug|Any CPU
		{7CD56557-9825-4E55-95E7-BBD9B27234AA}.Debug|x86.ActiveCfg = Debug|x86
		{7CD56557-9825-4E55-95E7-BBD9B27234AA}.Debug|x86.Build.0 = Debug|x86
		{7CD56557-9825-4E55-95E7-BBD9B27234AA}.Release|Any CPU.ActiveCfg = Release|Any CPU
		{7CD56557-9825-4E55-95E7-BBD9B27234AA}.Release|Any CPU.Build.0 = Release|Any CPU
		{7CD56557-9825-4E55-95E7-BBD9B27234AA}.Release|x86.ActiveCfg = Release|x86
		{7CD56557-9825-4E55-95E7-BBD9B27234AA}.Release|x86.Build.0 = Release|x86
		{586297D8-6955-407B-BE02-8D04DC74AEDB}.Debug|Any CPU.ActiveCfg = Debug|Any CPU
		{586297D8-6955-407B-BE02-8D04DC74AEDB}.Debug|Any CPU.Build.0 = Debug|Any CPU
		{586297D8-6955-407B-BE02-8D04DC74AEDB}.Debug|x86.ActiveCfg = Debug|Any CPU
		{586297D8-6955-407B-BE02-8D04DC74AEDB}.Debug|x86.Build.0 = Debug|Any CPU
		{586297D8-6955-407B-BE02-8D04DC74AEDB}.Release|Any CPU.ActiveCfg = Release|Any CPU
		{586297D8-6955-407B-BE02-8D04DC74AEDB}.Release|Any CPU.Build.0 = Release|Any CPU
		{586297D8-6955-407B-BE02-8D04DC74AEDB}.Release|x86.ActiveCfg = Release|Any CPU
		{586297D8-6955-407B-BE02-8D04DC74AEDB}.Release|x86.Build.0 = Release|Any CPU
		{9C8B7808-C73B-4147-B940-E8B396569F64}.Debug|Any CPU.ActiveCfg = Debug|Any CPU
		{9C8B7808-C73B-4147-B940-E8B396569F64}.Debug|Any CPU.Build.0 = Debug|Any CPU
		{9C8B7808-C73B-4147-B940-E8B396569F64}.Debug|x86.ActiveCfg = Debug|Any CPU
		{9C8B7808-C73B-4147-B940-E8B396569F64}.Debug|x86.Build.0 = Debug|Any CPU
		{9C8B7808-C73B-4147-B940-E8B396569F64}.Release|Any CPU.ActiveCfg = Release|Any CPU
		{9C8B7808-C73B-4147-B940-E8B396569F64}.Release|Any CPU.Build.0 = Release|Any CPU
		{9C8B7808-C73B-4147-B940-E8B396569F64}.Release|x86.ActiveCfg = Release|Any CPU
		{9C8B7808-C73B-4147-B940-E8B396569F64}.Release|x86.Build.0 = Release|Any CPU
		{B508037E-0B0A-4FBA-95A0-C3263E7688AD}.Debug|Any CPU.ActiveCfg = Debug|Any CPU
		{B508037E-0B0A-4FBA-95A0-C3263E7688AD}.Debug|Any CPU.Build.0 = Debug|Any CPU
		{B508037E-0B0A-4FBA-95A0-C3263E7688AD}.Debug|x86.ActiveCfg = Debug|Any CPU
		{B508037E-0B0A-4FBA-95A0-C3263E7688AD}.Debug|x86.Build.0 = Debug|Any CPU
		{B508037E-0B0A-4FBA-95A0-C3263E7688AD}.Release|Any CPU.ActiveCfg = Release|Any CPU
		{B508037E-0B0A-4FBA-95A0-C3263E7688AD}.Release|Any CPU.Build.0 = Release|Any CPU
		{B508037E-0B0A-4FBA-95A0-C3263E7688AD}.Release|x86.ActiveCfg = Release|Any CPU
		{B508037E-0B0A-4FBA-95A0-C3263E7688AD}.Release|x86.Build.0 = Release|Any CPU
	EndGlobalSection
	GlobalSection(SolutionProperties) = preSolution
		HideSolutionNode = FALSE
	EndGlobalSection
	GlobalSection(ExtensibilityGlobals) = postSolution
		SolutionGuid = {1397241E-5E52-42A6-9192-32F0EA956516}
	EndGlobalSection
EndGlobal
